
Microsoft Visual Studio Solution File, Format Version 12.00
# Visual Studio 15
Project("{FAE04EC0-301F-11D3-BF4B-00C04F79EFBC}") = "Assembly-CSharp", "Assembly-CSharp.csproj", "{E75862F2-AF78-324C-C686-11D933EEFA30}"
EndProject
Project("{FAE04EC0-301F-11D3-BF4B-00C04F79EFBC}") = "Assembly-CSharp-Editor", "Assembly-CSharp-Editor.csproj", "{A91E47D9-1A5E-309B-7DAC-34152416083A}"
EndProject
Global
	GlobalSection(SolutionConfigurationPlatforms) = preSolution
		Debug|Any CPU = Debug|Any CPU
		Release|Any CPU = Release|Any CPU
	EndGlobalSection
	GlobalSection(ProjectConfigurationPlatforms) = postSolution
		{E75862F2-AF78-324C-C686-11D933EEFA30}.Debug|Any CPU.ActiveCfg = Debug|Any CPU
		{E75862F2-AF78-324C-C686-11D933EEFA30}.Debug|Any CPU.Build.0 = Debug|Any CPU
		{E75862F2-AF78-324C-C686-11D933EEFA30}.Release|Any CPU.ActiveCfg = Release|Any CPU
		{E75862F2-AF78-324C-C686-11D933EEFA30}.Release|Any CPU.Build.0 = Release|Any CPU
		{A91E47D9-1A5E-309B-7DAC-34152416083A}.Debug|Any CPU.ActiveCfg = Debug|Any CPU
		{A91E47D9-1A5E-309B-7DAC-34152416083A}.Debug|Any CPU.Build.0 = Debug|Any CPU
		{A91E47D9-1A5E-309B-7DAC-34152416083A}.Release|Any CPU.ActiveCfg = Release|Any CPU
		{A91E47D9-1A5E-309B-7DAC-34152416083A}.Release|Any CPU.Build.0 = Release|Any CPU
	EndGlobalSection
	GlobalSection(SolutionProperties) = preSolution
		HideSolutionNode = FALSE
	EndGlobalSection
EndGlobal
