
Microsoft Visual Studio Solution File, Format Version 12.00
# Visual Studio 15
Project("{FAE04EC0-301F-11D3-BF4B-00C04F79EFBC}") = "Assembly-CSharp", "Assembly-CSharp.csproj", "{947CD28E-9912-DFE5-94B0-670F255B3CB1}"
EndProject
Project("{FAE04EC0-301F-11D3-BF4B-00C04F79EFBC}") = "Assembly-CSharp-Editor", "Assembly-CSharp-Editor.csproj", "{C7A1E9F1-0EEC-8CBB-3DBF-253E3812F436}"
EndProject
Global
	GlobalSection(SolutionConfigurationPlatforms) = preSolution
		Debug|Any CPU = Debug|Any CPU
		Release|Any CPU = Release|Any CPU
	EndGlobalSection
	GlobalSection(ProjectConfigurationPlatforms) = postSolution
		{947CD28E-9912-DFE5-94B0-670F255B3CB1}.Debug|Any CPU.ActiveCfg = Debug|Any CPU
		{947CD28E-9912-DFE5-94B0-670F255B3CB1}.Debug|Any CPU.Build.0 = Debug|Any CPU
		{947CD28E-9912-DFE5-94B0-670F255B3CB1}.Release|Any CPU.ActiveCfg = Release|Any CPU
		{947CD28E-9912-DFE5-94B0-670F255B3CB1}.Release|Any CPU.Build.0 = Release|Any CPU
		{C7A1E9F1-0EEC-8CBB-3DBF-253E3812F436}.Debug|Any CPU.ActiveCfg = Debug|Any CPU
		{C7A1E9F1-0EEC-8CBB-3DBF-253E3812F436}.Debug|Any CPU.Build.0 = Debug|Any CPU
		{C7A1E9F1-0EEC-8CBB-3DBF-253E3812F436}.Release|Any CPU.ActiveCfg = Release|Any CPU
		{C7A1E9F1-0EEC-8CBB-3DBF-253E3812F436}.Release|Any CPU.Build.0 = Release|Any CPU
	EndGlobalSection
	GlobalSection(SolutionProperties) = preSolution
		HideSolutionNode = FALSE
	EndGlobalSection
EndGlobal
